
Microsoft Visual Studio Solution File, Format Version 12.00
# Visual Studio Version 17
VisualStudioVersion = 17.3.32929.385
MinimumVisualStudioVersion = 10.0.40219.1
Project("{9A19103F-16F7-4668-BE54-9A1E7A4F7556}") = "Ovn-2", "Ovn-2\Ovn-2.csproj", "{E46E58C5-3E2C-4D36-AAD9-32990AFE7000}"
EndProject
Project("{9A19103F-16F7-4668-BE54-9A1E7A4F7556}") = "Ovn-1-2", "Ovn-1-2\Ovn-1-2.csproj", "{61C180DC-08EB-450C-9705-D8082018A82D}"
EndProject
Project("{9A19103F-16F7-4668-BE54-9A1E7A4F7556}") = "Ovn-2-2", "Ovn-2-2\Ovn-2-2.csproj", "{81167063-62C3-40F7-B6F6-C8E976AD5BB4}"
EndProject
Project("{9A19103F-16F7-4668-BE54-9A1E7A4F7556}") = "Ovn-1", "Ovn-1\Ovn-1.csproj", "{2B60186B-64FB-4598-A1CE-9D13DB7DD969}"
EndProject
Project("{2150E333-8FDC-42A3-9474-1A3956D46DE8}") = "Ovn-3", "Ovn-3", "{8CA3672E-071C-4088-AA4C-66B22D0EFB11}"
EndProject
Project("{9A19103F-16F7-4668-BE54-9A1E7A4F7556}") = "Ovn-3.1 Inkapsling", "Ovn-3.1 Inkapsling\Ovn-3.1 Inkapsling.csproj", "{3477B9ED-F9FF-473E-ACC7-3E0797017C03}"
EndProject
Project("{9A19103F-16F7-4668-BE54-9A1E7A4F7556}") = "Ovn-3.2 Polymorfism", "Ovn-3.2 Polymorfism\Ovn-3.2 Polymorfism.csproj", "{957DB8F6-977B-4973-A18F-491337CD208F}"
EndProject
Project("{9A19103F-16F7-4668-BE54-9A1E7A4F7556}") = "Ovn-3.3 Arv", "Ovn-3.3 Arv\Ovn-3.3 Arv.csproj", "{E86CB74D-4D3D-4DC1-B439-18E2807C7587}"
EndProject
Project("{9A19103F-16F7-4668-BE54-9A1E7A4F7556}") = "Ovn-3.4 Mer polymorfism", "Ovn-3.4 Mer polymorfism\Ovn-3.4 Mer polymorfism.csproj", "{0DAE53BC-F396-4849-81FC-360B3A05246F}"
EndProject
Project("{2150E333-8FDC-42A3-9474-1A3956D46DE8}") = "Ovn-4", "Ovn-4", "{3E608A99-B487-4C22-9BAF-CB6820F12733}"
EndProject
Project("{FAE04EC0-301F-11D3-BF4B-00C04F79EFBC}") = "Ovn-4 Minneshantering", "Ovn-4 Minneshantering\Ovn-4 Minneshantering.csproj", "{7DFB79F4-868C-49C1-B215-5EA42384C963}"
EndProject
Global
	GlobalSection(SolutionConfigurationPlatforms) = preSolution
		Debug|Any CPU = Debug|Any CPU
		Release|Any CPU = Release|Any CPU
	EndGlobalSection
	GlobalSection(ProjectConfigurationPlatforms) = postSolution
		{E46E58C5-3E2C-4D36-AAD9-32990AFE7000}.Debug|Any CPU.ActiveCfg = Debug|Any CPU
		{E46E58C5-3E2C-4D36-AAD9-32990AFE7000}.Debug|Any CPU.Build.0 = Debug|Any CPU
		{E46E58C5-3E2C-4D36-AAD9-32990AFE7000}.Release|Any CPU.ActiveCfg = Release|Any CPU
		{E46E58C5-3E2C-4D36-AAD9-32990AFE7000}.Release|Any CPU.Build.0 = Release|Any CPU
		{61C180DC-08EB-450C-9705-D8082018A82D}.Debug|Any CPU.ActiveCfg = Debug|Any CPU
		{61C180DC-08EB-450C-9705-D8082018A82D}.Debug|Any CPU.Build.0 = Debug|Any CPU
		{61C180DC-08EB-450C-9705-D8082018A82D}.Release|Any CPU.ActiveCfg = Release|Any CPU
		{61C180DC-08EB-450C-9705-D8082018A82D}.Release|Any CPU.Build.0 = Release|Any CPU
		{81167063-62C3-40F7-B6F6-C8E976AD5BB4}.Debug|Any CPU.ActiveCfg = Debug|Any CPU
		{81167063-62C3-40F7-B6F6-C8E976AD5BB4}.Debug|Any CPU.Build.0 = Debug|Any CPU
		{81167063-62C3-40F7-B6F6-C8E976AD5BB4}.Release|Any CPU.ActiveCfg = Release|Any CPU
		{81167063-62C3-40F7-B6F6-C8E976AD5BB4}.Release|Any CPU.Build.0 = Release|Any CPU
		{2B60186B-64FB-4598-A1CE-9D13DB7DD969}.Debug|Any CPU.ActiveCfg = Debug|Any CPU
		{2B60186B-64FB-4598-A1CE-9D13DB7DD969}.Debug|Any CPU.Build.0 = Debug|Any CPU
		{2B60186B-64FB-4598-A1CE-9D13DB7DD969}.Release|Any CPU.ActiveCfg = Release|Any CPU
		{2B60186B-64FB-4598-A1CE-9D13DB7DD969}.Release|Any CPU.Build.0 = Release|Any CPU
		{3477B9ED-F9FF-473E-ACC7-3E0797017C03}.Debug|Any CPU.ActiveCfg = Debug|Any CPU
		{3477B9ED-F9FF-473E-ACC7-3E0797017C03}.Debug|Any CPU.Build.0 = Debug|Any CPU
		{3477B9ED-F9FF-473E-ACC7-3E0797017C03}.Release|Any CPU.ActiveCfg = Release|Any CPU
		{3477B9ED-F9FF-473E-ACC7-3E0797017C03}.Release|Any CPU.Build.0 = Release|Any CPU
		{957DB8F6-977B-4973-A18F-491337CD208F}.Debug|Any CPU.ActiveCfg = Debug|Any CPU
		{957DB8F6-977B-4973-A18F-491337CD208F}.Debug|Any CPU.Build.0 = Debug|Any CPU
		{957DB8F6-977B-4973-A18F-491337CD208F}.Release|Any CPU.ActiveCfg = Release|Any CPU
		{957DB8F6-977B-4973-A18F-491337CD208F}.Release|Any CPU.Build.0 = Release|Any CPU
		{E86CB74D-4D3D-4DC1-B439-18E2807C7587}.Debug|Any CPU.ActiveCfg = Debug|Any CPU
		{E86CB74D-4D3D-4DC1-B439-18E2807C7587}.Debug|Any CPU.Build.0 = Debug|Any CPU
		{E86CB74D-4D3D-4DC1-B439-18E2807C7587}.Release|Any CPU.ActiveCfg = Release|Any CPU
		{E86CB74D-4D3D-4DC1-B439-18E2807C7587}.Release|Any CPU.Build.0 = Release|Any CPU
		{0DAE53BC-F396-4849-81FC-360B3A05246F}.Debug|Any CPU.ActiveCfg = Debug|Any CPU
		{0DAE53BC-F396-4849-81FC-360B3A05246F}.Debug|Any CPU.Build.0 = Debug|Any CPU
		{0DAE53BC-F396-4849-81FC-360B3A05246F}.Release|Any CPU.ActiveCfg = Release|Any CPU
		{0DAE53BC-F396-4849-81FC-360B3A05246F}.Release|Any CPU.Build.0 = Release|Any CPU
		{7DFB79F4-868C-49C1-B215-5EA42384C963}.Debug|Any CPU.ActiveCfg = Debug|Any CPU
		{7DFB79F4-868C-49C1-B215-5EA42384C963}.Debug|Any CPU.Build.0 = Debug|Any CPU
		{7DFB79F4-868C-49C1-B215-5EA42384C963}.Release|Any CPU.ActiveCfg = Release|Any CPU
		{7DFB79F4-868C-49C1-B215-5EA42384C963}.Release|Any CPU.Build.0 = Release|Any CPU
	EndGlobalSection
	GlobalSection(SolutionProperties) = preSolution
		HideSolutionNode = FALSE
	EndGlobalSection
	GlobalSection(NestedProjects) = preSolution
		{3477B9ED-F9FF-473E-ACC7-3E0797017C03} = {8CA3672E-071C-4088-AA4C-66B22D0EFB11}
		{957DB8F6-977B-4973-A18F-491337CD208F} = {8CA3672E-071C-4088-AA4C-66B22D0EFB11}
		{E86CB74D-4D3D-4DC1-B439-18E2807C7587} = {8CA3672E-071C-4088-AA4C-66B22D0EFB11}
		{0DAE53BC-F396-4849-81FC-360B3A05246F} = {8CA3672E-071C-4088-AA4C-66B22D0EFB11}
		{7DFB79F4-868C-49C1-B215-5EA42384C963} = {3E608A99-B487-4C22-9BAF-CB6820F12733}
	EndGlobalSection
	GlobalSection(ExtensibilityGlobals) = postSolution
		SolutionGuid = {360AE3E0-E777-4EDC-87AA-4C8D2CD0ADFF}
	EndGlobalSection
EndGlobal
